{
  "name": "cesdk-processor-early-access-demo",
  "version": "1.0.0",
  "lockfileVersion": 3,
  "requires": true,
  "packages": {
    "": {
      "name": "cesdk-processor-early-access-demo",
      "version": "1.0.0",
      "dependencies": {
        "@cesdk/node": "^1.60.0"
      },
      "engines": {
        "node": ">=18.0.0"
      }
    },
    "node_modules/@cesdk/node": {
      "version": "1.60.0",
      "resolved": "https://registry.npmjs.org/@cesdk/node/-/node-1.60.0.tgz",
      "integrity": "sha512-v/2wmsJ94yayyLRbd5QkaYOH+P3lb6Raxlj4UZaAq9uV9Cnwo8v1/aYjmmko2S2rpxZ+iLFT77C3wDPGg1/2vg==",
      "license": "SEE LICENSE IN LICENSE.md",
      "engines": {
        "node": ">=20.0.0"
      }
    }
  }
}
